
Microsoft Visual Studio Solution File, Format Version 12.00
# Visual Studio Version 16
VisualStudioVersion = 16.0.30011.22
MinimumVisualStudioVersion = 10.0.40219.1
Project("{FAE04EC0-301F-11D3-BF4B-00C04F79EFBC}") = "OAP6", "OAP6\OAP6.csproj", "{A607995A-2490-42B9-A8C5-BD5BDA11C5C7}"
EndProject
Project("{FAE04EC0-301F-11D3-BF4B-00C04F79EFBC}") = "OAP6TEST", "OAP6TEST\OAP6TEST.csproj", "{796C8531-47C2-4C3F-A4BD-7A0333AD75B3}"
EndProject
Global
	GlobalSection(SolutionConfigurationPlatforms) = preSolution
		Debug|Any CPU = Debug|Any CPU
		Release|Any CPU = Release|Any CPU
	EndGlobalSection
	GlobalSection(ProjectConfigurationPlatforms) = postSolution
		{A607995A-2490-42B9-A8C5-BD5BDA11C5C7}.Debug|Any CPU.ActiveCfg = Debug|Any CPU
		{A607995A-2490-42B9-A8C5-BD5BDA11C5C7}.Debug|Any CPU.Build.0 = Debug|Any CPU
		{A607995A-2490-42B9-A8C5-BD5BDA11C5C7}.Release|Any CPU.ActiveCfg = Release|Any CPU
		{A607995A-2490-42B9-A8C5-BD5BDA11C5C7}.Release|Any CPU.Build.0 = Release|Any CPU
		{796C8531-47C2-4C3F-A4BD-7A0333AD75B3}.Debug|Any CPU.ActiveCfg = Debug|Any CPU
		{796C8531-47C2-4C3F-A4BD-7A0333AD75B3}.Debug|Any CPU.Build.0 = Debug|Any CPU
		{796C8531-47C2-4C3F-A4BD-7A0333AD75B3}.Release|Any CPU.ActiveCfg = Release|Any CPU
		{796C8531-47C2-4C3F-A4BD-7A0333AD75B3}.Release|Any CPU.Build.0 = Release|Any CPU
	EndGlobalSection
	GlobalSection(SolutionProperties) = preSolution
		HideSolutionNode = FALSE
	EndGlobalSection
	GlobalSection(ExtensibilityGlobals) = postSolution
		SolutionGuid = {470B24C3-2D77-4F82-9C9E-851D00B00427}
	EndGlobalSection
EndGlobal
